
Microsoft Visual Studio Solution File, Format Version 12.00
# Visual Studio 15
VisualStudioVersion = 15.0.28307.1340
MinimumVisualStudioVersion = 10.0.40219.1
Project("{FAE04EC0-301F-11D3-BF4B-00C04F79EFBC}") = "MultiUserEDI", "MultiUserEDI\MultiUserEDI.csproj", "{B85A4876-F5F1-4A5A-8AC3-69789FDFBC94}"
EndProject
Global
	GlobalSection(SolutionConfigurationPlatforms) = preSolution
		Debug|Any CPU = Debug|Any CPU
		Release|Any CPU = Release|Any CPU
	EndGlobalSection
	GlobalSection(ProjectConfigurationPlatforms) = postSolution
		{B85A4876-F5F1-4A5A-8AC3-69789FDFBC94}.Debug|Any CPU.ActiveCfg = Debug|Any CPU
		{B85A4876-F5F1-4A5A-8AC3-69789FDFBC94}.Debug|Any CPU.Build.0 = Debug|Any CPU
		{B85A4876-F5F1-4A5A-8AC3-69789FDFBC94}.Release|Any CPU.ActiveCfg = Release|Any CPU
		{B85A4876-F5F1-4A5A-8AC3-69789FDFBC94}.Release|Any CPU.Build.0 = Release|Any CPU
	EndGlobalSection
	GlobalSection(SolutionProperties) = preSolution
		HideSolutionNode = FALSE
	EndGlobalSection
	GlobalSection(ExtensibilityGlobals) = postSolution
		SolutionGuid = {616A2471-4101-40DF-9A96-9BE9E3B7F4D7}
	EndGlobalSection
EndGlobal
