
Microsoft Visual Studio Solution File, Format Version 11.00
# Visual Studio 2010
Project("{8BC9CEB8-8B4A-11D0-8D11-00A0C91BC942}") = "ATPrintPDF", "ATPrintPDF.vcxproj", "{0778C365-B6FD-4FFC-A88B-FE66367D436C}"
EndProject
Global
	GlobalSection(TeamFoundationVersionControl) = preSolution
		SccNumberOfProjects = 2
		SccEnterpriseProvider = {4CA58AB2-18FA-4F8D-95D4-32DDF27D184C}
		SccTeamFoundationServer = http://frmitch-tfs000:8080/
		SccLocalPath0 = .
		SccProjectUniqueName1 = ATPrintPDF.vcxproj
		SccLocalPath1 = .
	EndGlobalSection
	GlobalSection(SolutionConfigurationPlatforms) = preSolution
		Debug|Win32 = Debug|Win32
		Release|Win32 = Release|Win32
	EndGlobalSection
	GlobalSection(ProjectConfigurationPlatforms) = postSolution
		{0778C365-B6FD-4FFC-A88B-FE66367D436C}.Debug|Win32.ActiveCfg = Debug|Win32
		{0778C365-B6FD-4FFC-A88B-FE66367D436C}.Debug|Win32.Build.0 = Debug|Win32
		{0778C365-B6FD-4FFC-A88B-FE66367D436C}.Release|Win32.ActiveCfg = Release|Win32
		{0778C365-B6FD-4FFC-A88B-FE66367D436C}.Release|Win32.Build.0 = Release|Win32
	EndGlobalSection
	GlobalSection(SolutionProperties) = preSolution
		HideSolutionNode = FALSE
	EndGlobalSection
EndGlobal
