<?xml version="1.0" encoding="utf-8"?>
<Project ToolsVersion="4.0" xmlns="http://schemas.microsoft.com/developer/msbuild/2003">
  <ItemGroup>
    <Filter Include="Source Files">
      <UniqueIdentifier>{1a804a9a-b0df-4632-a702-ae0187d6e023}</UniqueIdentifier>
      <Extensions>cpp;c;cxx;rc;def;r;odl;idl;hpj;bat</Extensions>
    </Filter>
    <Filter Include="Header Files">
      <UniqueIdentifier>{26bd21ff-ffc3-4e75-818e-1d98d52d7afd}</UniqueIdentifier>
      <Extensions>h;hpp;hxx;hm;inl</Extensions>
    </Filter>
    <Filter Include="Resource Files">
      <UniqueIdentifier>{a7464cb4-e4f9-4d2b-8cf7-87f936cce147}</UniqueIdentifier>
      <Extensions>ico;cur;bmp;dlg;rc2;rct;bin;rgs;gif;jpg;jpeg;jpe</Extensions>
    </Filter>
  </ItemGroup>
  <ItemGroup>
    <ClCompile Include="ARML\ARMLAdress.cpp">
      <Filter>Source Files</Filter>
    </ClCompile>
    <ClCompile Include="ARML\ARMLContext.cpp">
      <Filter>Source Files</Filter>
    </ClCompile>
    <ClCompile Include="ARML\ARMLField.cpp">
      <Filter>Source Files</Filter>
    </ClCompile>
    <ClCompile Include="ARML\ARMLFrame.cpp">
      <Filter>Source Files</Filter>
    </ClCompile>
    <ClCompile Include="ARML\ARMLHStroke.cpp">
      <Filter>Source Files</Filter>
    </ClCompile>
    <ClCompile Include="ARML\ARMLLineField.cpp">
      <Filter>Source Files</Filter>
    </ClCompile>
    <ClCompile Include="ARML\ARMLLogo.cpp">
      <Filter>Source Files</Filter>
    </ClCompile>
    <ClCompile Include="ARML\ARMLState.cpp">
      <Filter>Source Files</Filter>
    </ClCompile>
    <ClCompile Include="ARML\ARMLStateBegin.cpp">
      <Filter>Source Files</Filter>
    </ClCompile>
    <ClCompile Include="ARML\ARMLStateBody.cpp">
      <Filter>Source Files</Filter>
    </ClCompile>
    <ClCompile Include="ARML\ARMLStateEnd.cpp">
      <Filter>Source Files</Filter>
    </ClCompile>
    <ClCompile Include="ARML\ARMLStateError.cpp">
      <Filter>Source Files</Filter>
    </ClCompile>
    <ClCompile Include="ARML\ARMLStateFooter.cpp">
      <Filter>Source Files</Filter>
    </ClCompile>
    <ClCompile Include="ARML\ARMLStateFrame.cpp">
      <Filter>Source Files</Filter>
    </ClCompile>
    <ClCompile Include="ARML\ARMLStateHeader.cpp">
      <Filter>Source Files</Filter>
    </ClCompile>
    <ClCompile Include="ARML\ARMLStateTable.cpp">
      <Filter>Source Files</Filter>
    </ClCompile>
    <ClCompile Include="ARML\ARMLTabCell.cpp">
      <Filter>Source Files</Filter>
    </ClCompile>
    <ClCompile Include="ARML\ARMLTable.cpp">
      <Filter>Source Files</Filter>
    </ClCompile>
    <ClCompile Include="ARML\ARMLTabpave.cpp">
      <Filter>Source Files</Filter>
    </ClCompile>
    <ClCompile Include="ARPrintCmdLine.cpp">
      <Filter>Source Files</Filter>
    </ClCompile>
    <ClCompile Include="ATCloseWnd.cpp">
      <Filter>Source Files</Filter>
    </ClCompile>
    <ClCompile Include="ATPrintPDF.cpp">
      <Filter>Source Files</Filter>
    </ClCompile>
    <ClCompile Include="ATPrintPDFDoc.cpp">
      <Filter>Source Files</Filter>
    </ClCompile>
    <ClCompile Include="ATPrintPDFView.cpp">
      <Filter>Source Files</Filter>
    </ClCompile>
    <ClCompile Include="ExcelProgressSplash.cpp">
      <Filter>Source Files</Filter>
    </ClCompile>
    <ClCompile Include="Draw\GestionCouleurs.cpp">
      <Filter>Source Files</Filter>
    </ClCompile>
    <ClCompile Include="Draw\JFCBitmap.cpp">
      <Filter>Source Files</Filter>
    </ClCompile>
    <ClCompile Include="Draw\JFCDecimilToUnit.cpp">
      <Filter>Source Files</Filter>
    </ClCompile>
    <ClCompile Include="Draw\JFCDraw.cpp">
      <Filter>Source Files</Filter>
    </ClCompile>
    <ClCompile Include="Composite\JFCDrawAdress.cpp">
      <Filter>Source Files</Filter>
    </ClCompile>
    <ClCompile Include="Composite\JFCDrawBeginPage.cpp">
      <Filter>Source Files</Filter>
    </ClCompile>
    <ClCompile Include="Composite\JFCDrawBeginPath.cpp">
      <Filter>Source Files</Filter>
    </ClCompile>
    <ClCompile Include="Composite\JFCDrawBody.cpp">
      <Filter>Source Files</Filter>
    </ClCompile>
    <ClCompile Include="Composite\JFCDrawComponent.cpp">
      <Filter>Source Files</Filter>
    </ClCompile>
    <ClCompile Include="Composite\JFCDrawComposite.cpp">
      <Filter>Source Files</Filter>
    </ClCompile>
    <ClCompile Include="Composite\JFCDrawDocument.cpp">
      <Filter>Source Files</Filter>
    </ClCompile>
    <ClCompile Include="Composite\JFCDrawEndPage.cpp">
      <Filter>Source Files</Filter>
    </ClCompile>
    <ClCompile Include="Composite\JFCDrawEndPath.cpp">
      <Filter>Source Files</Filter>
    </ClCompile>
    <ClCompile Include="Composite\JFCDrawFooter.cpp">
      <Filter>Source Files</Filter>
    </ClCompile>
    <ClCompile Include="Composite\JFCDrawFrame.cpp">
      <Filter>Source Files</Filter>
    </ClCompile>
    <ClCompile Include="Composite\JFCDrawHeader.cpp">
      <Filter>Source Files</Filter>
    </ClCompile>
    <ClCompile Include="Composite\JFCDrawLineTo.cpp">
      <Filter>Source Files</Filter>
    </ClCompile>
    <ClCompile Include="Composite\JFCDrawLogo.cpp">
      <Filter>Source Files</Filter>
    </ClCompile>
    <ClCompile Include="Composite\JFCDrawMoveTo.cpp">
      <Filter>Source Files</Filter>
    </ClCompile>
    <ClCompile Include="Composite\JFCDrawPage.cpp">
      <Filter>Source Files</Filter>
    </ClCompile>
    <ClCompile Include="Composite\JFCDrawPicture.cpp">
      <Filter>Source Files</Filter>
    </ClCompile>
    <ClCompile Include="Composite\JFCDrawSetColor.cpp">
      <Filter>Source Files</Filter>
    </ClCompile>
    <ClCompile Include="Composite\JFCDrawSetFillColor.cpp">
      <Filter>Source Files</Filter>
    </ClCompile>
    <ClCompile Include="Composite\JFCDrawSetFont.cpp">
      <Filter>Source Files</Filter>
    </ClCompile>
    <ClCompile Include="Composite\JFCDrawSetLineWidth.cpp">
      <Filter>Source Files</Filter>
    </ClCompile>
    <ClCompile Include="Composite\JFCDrawTable.cpp">
      <Filter>Source Files</Filter>
    </ClCompile>
    <ClCompile Include="Composite\JFCDrawText.cpp">
      <Filter>Source Files</Filter>
    </ClCompile>
    <ClCompile Include="Draw\JFCGDIDraw.cpp">
      <Filter>Source Files</Filter>
    </ClCompile>
    <ClCompile Include="Draw\JFCPDFDraw.cpp">
      <Filter>Source Files</Filter>
    </ClCompile>
    <ClCompile Include="MainFrm.cpp">
      <Filter>Source Files</Filter>
    </ClCompile>
    <ClCompile Include="PageInfo.cpp">
      <Filter>Source Files</Filter>
    </ClCompile>
    <ClCompile Include="Draw\PoliceManager.cpp">
      <Filter>Source Files</Filter>
    </ClCompile>
    <ClCompile Include="PreviewBar.cpp">
      <Filter>Source Files</Filter>
    </ClCompile>
    <ClCompile Include="StdAfx.cpp">
      <Filter>Source Files</Filter>
    </ClCompile>
    <ClCompile Include="VersionApp.cpp">
      <Filter>Source Files</Filter>
    </ClCompile>
    <ClCompile Include="ViewportWindow.cpp">
      <Filter>Source Files</Filter>
    </ClCompile>
  </ItemGroup>
  <ItemGroup>
    <ResourceCompile Include="ATPrintPDF.rc">
      <Filter>Source Files</Filter>
    </ResourceCompile>
  </ItemGroup>
  <ItemGroup>
    <ClInclude Include="ARML\ARMLAdress.h">
      <Filter>Header Files</Filter>
    </ClInclude>
    <ClInclude Include="ARML\ARMLContext.h">
      <Filter>Header Files</Filter>
    </ClInclude>
    <ClInclude Include="ARML\ARMLField.h">
      <Filter>Header Files</Filter>
    </ClInclude>
    <ClInclude Include="ARML\ARMLFrame.h">
      <Filter>Header Files</Filter>
    </ClInclude>
    <ClInclude Include="ARML\ARMLHStroke.h">
      <Filter>Header Files</Filter>
    </ClInclude>
    <ClInclude Include="ARML\ARMLLineField.h">
      <Filter>Header Files</Filter>
    </ClInclude>
    <ClInclude Include="ARML\ARMLLogo.h">
      <Filter>Header Files</Filter>
    </ClInclude>
    <ClInclude Include="ARML\ARMLState.h">
      <Filter>Header Files</Filter>
    </ClInclude>
    <ClInclude Include="ARML\ARMLStateBegin.h">
      <Filter>Header Files</Filter>
    </ClInclude>
    <ClInclude Include="ARML\ARMLStateBody.h">
      <Filter>Header Files</Filter>
    </ClInclude>
    <ClInclude Include="ARML\ARMLStateEnd.h">
      <Filter>Header Files</Filter>
    </ClInclude>
    <ClInclude Include="ARML\ARMLStateError.h">
      <Filter>Header Files</Filter>
    </ClInclude>
    <ClInclude Include="ARML\ARMLStateFooter.h">
      <Filter>Header Files</Filter>
    </ClInclude>
    <ClInclude Include="ARML\ARMLStateFrame.h">
      <Filter>Header Files</Filter>
    </ClInclude>
    <ClInclude Include="ARML\ARMLStateHeader.h">
      <Filter>Header Files</Filter>
    </ClInclude>
    <ClInclude Include="ARML\ARMLStateTable.h">
      <Filter>Header Files</Filter>
    </ClInclude>
    <ClInclude Include="ARML\ARMLTabCell.h">
      <Filter>Header Files</Filter>
    </ClInclude>
    <ClInclude Include="ARML\ARMLTable.h">
      <Filter>Header Files</Filter>
    </ClInclude>
    <ClInclude Include="ARML\ARMLTabPave.h">
      <Filter>Header Files</Filter>
    </ClInclude>
    <ClInclude Include="ARPrintCmdLine.h">
      <Filter>Header Files</Filter>
    </ClInclude>
    <ClInclude Include="ATCloseWnd.h">
      <Filter>Header Files</Filter>
    </ClInclude>
    <ClInclude Include="ATPRDICO.H">
      <Filter>Header Files</Filter>
    </ClInclude>
    <ClInclude Include="ATPrintPDF.h">
      <Filter>Header Files</Filter>
    </ClInclude>
    <ClInclude Include="ATPrintPDFDoc.h">
      <Filter>Header Files</Filter>
    </ClInclude>
    <ClInclude Include="ATPrintPDFView.h">
      <Filter>Header Files</Filter>
    </ClInclude>
    <ClInclude Include="ExcelProgressSplash.h">
      <Filter>Header Files</Filter>
    </ClInclude>
    <ClInclude Include="Draw\GestionCouleurs.h">
      <Filter>Header Files</Filter>
    </ClInclude>
    <ClInclude Include="Draw\JFCBitmap.h">
      <Filter>Header Files</Filter>
    </ClInclude>
    <ClInclude Include="Draw\JFCDecimilToUnit.h">
      <Filter>Header Files</Filter>
    </ClInclude>
    <ClInclude Include="Draw\JFCDraw.h">
      <Filter>Header Files</Filter>
    </ClInclude>
    <ClInclude Include="Composite\JFCDrawAdress.h">
      <Filter>Header Files</Filter>
    </ClInclude>
    <ClInclude Include="Composite\JFCDrawBeginPage.h">
      <Filter>Header Files</Filter>
    </ClInclude>
    <ClInclude Include="Composite\JFCDrawBeginPath.h">
      <Filter>Header Files</Filter>
    </ClInclude>
    <ClInclude Include="Composite\JFCDrawBody.h">
      <Filter>Header Files</Filter>
    </ClInclude>
    <ClInclude Include="Composite\JFCDrawComponent.h">
      <Filter>Header Files</Filter>
    </ClInclude>
    <ClInclude Include="Composite\JFCDrawComposite.h">
      <Filter>Header Files</Filter>
    </ClInclude>
    <ClInclude Include="Composite\JFCDrawDocument.h">
      <Filter>Header Files</Filter>
    </ClInclude>
    <ClInclude Include="Composite\JFCDrawEndPage.h">
      <Filter>Header Files</Filter>
    </ClInclude>
    <ClInclude Include="Composite\JFCDrawEndPath.h">
      <Filter>Header Files</Filter>
    </ClInclude>
    <ClInclude Include="Composite\JFCDrawFooter.h">
      <Filter>Header Files</Filter>
    </ClInclude>
    <ClInclude Include="Composite\JFCDrawFrame.h">
      <Filter>Header Files</Filter>
    </ClInclude>
    <ClInclude Include="Composite\JFCDrawHeader.h">
      <Filter>Header Files</Filter>
    </ClInclude>
    <ClInclude Include="Composite\JFCDrawLineTo.h">
      <Filter>Header Files</Filter>
    </ClInclude>
    <ClInclude Include="Composite\JFCDrawLogo.h">
      <Filter>Header Files</Filter>
    </ClInclude>
    <ClInclude Include="Composite\JFCDrawMoveTo.h">
      <Filter>Header Files</Filter>
    </ClInclude>
    <ClInclude Include="Composite\JFCDrawPage.h">
      <Filter>Header Files</Filter>
    </ClInclude>
    <ClInclude Include="Composite\JFCDrawPicture.h">
      <Filter>Header Files</Filter>
    </ClInclude>
    <ClInclude Include="Composite\JFCDrawSetColor.h">
      <Filter>Header Files</Filter>
    </ClInclude>
    <ClInclude Include="Composite\JFCDrawSetFillColor.h">
      <Filter>Header Files</Filter>
    </ClInclude>
    <ClInclude Include="Composite\JFCDrawSetFont.h">
      <Filter>Header Files</Filter>
    </ClInclude>
    <ClInclude Include="Composite\JFCDrawSetLineWidth.h">
      <Filter>Header Files</Filter>
    </ClInclude>
    <ClInclude Include="Composite\JFCDrawTableau.h">
      <Filter>Header Files</Filter>
    </ClInclude>
    <ClInclude Include="Composite\JFCDrawText.h">
      <Filter>Header Files</Filter>
    </ClInclude>
    <ClInclude Include="Draw\JFCGDIDraw.h">
      <Filter>Header Files</Filter>
    </ClInclude>
    <ClInclude Include="Draw\JFCPDFDraw.h">
      <Filter>Header Files</Filter>
    </ClInclude>
    <ClInclude Include="MainFrm.h">
      <Filter>Header Files</Filter>
    </ClInclude>
    <ClInclude Include="PageInfo.h">
      <Filter>Header Files</Filter>
    </ClInclude>
    <ClInclude Include="Draw\PoliceManager.h">
      <Filter>Header Files</Filter>
    </ClInclude>
    <ClInclude Include="PreviewBar.h">
      <Filter>Header Files</Filter>
    </ClInclude>
    <ClInclude Include="Resource.h">
      <Filter>Header Files</Filter>
    </ClInclude>
    <ClInclude Include="StdAfx.h">
      <Filter>Header Files</Filter>
    </ClInclude>
    <ClInclude Include="PdfLib\UTZADICO.H">
      <Filter>Header Files</Filter>
    </ClInclude>
    <ClInclude Include="VersionApp.h">
      <Filter>Header Files</Filter>
    </ClInclude>
    <ClInclude Include="ViewportWindow.h">
      <Filter>Header Files</Filter>
    </ClInclude>
  </ItemGroup>
  <ItemGroup>
    <None Include="res\ATPrintPDF.ico">
      <Filter>Resource Files</Filter>
    </None>
    <None Include="res\ATPrintPDF.rc2">
      <Filter>Resource Files</Filter>
    </None>
    <None Include="res\ATPrintPDFDoc.ico">
      <Filter>Resource Files</Filter>
    </None>
    <None Include="res\bitmap1.bmp">
      <Filter>Resource Files</Filter>
    </None>
    <None Include="res\icon1.ico">
      <Filter>Resource Files</Filter>
    </None>
    <None Include="res\preview_.bmp">
      <Filter>Resource Files</Filter>
    </None>
    <None Include="res\Toolbar.bmp">
      <Filter>Resource Files</Filter>
    </None>
    <None Include="res\bmp00001.bmp">
      <Filter>Resource Files</Filter>
    </None>
  </ItemGroup>
</Project>