Microsoft Visual Studio Solution File, Format Version 9.00
# Visual Studio 2005
Project("{8BC9CEB8-8B4A-11D0-8D11-00A0C91BC942}") = "JFCITEMS", "..\JFCItems\JFCITEMS.vcproj", "{07993D43-F83A-4ADA-BD3C-F2E3E8174A16}"
	ProjectSection(ProjectDependencies) = postProject
		{21F385F4-F32C-4667-88A0-CC42D18D5DE6} = {21F385F4-F32C-4667-88A0-CC42D18D5DE6}
		{C4771CB5-55D2-40F1-8E1B-5C527C1B4679} = {C4771CB5-55D2-40F1-8E1B-5C527C1B4679}
		{50995F3E-ABBE-4AD1-BDDE-2C2C46FFF4EC} = {50995F3E-ABBE-4AD1-BDDE-2C2C46FFF4EC}
	EndProjectSection
EndProject
Project("{8BC9CEB8-8B4A-11D0-8D11-00A0C91BC942}") = "JFCSOURCE", "..\JFCSource\JFCSOURCE.vcproj", "{C4771CB5-55D2-40F1-8E1B-5C527C1B4679}"
	ProjectSection(ProjectDependencies) = postProject
		{50995F3E-ABBE-4AD1-BDDE-2C2C46FFF4EC} = {50995F3E-ABBE-4AD1-BDDE-2C2C46FFF4EC}
	EndProjectSection
EndProject
Project("{8BC9CEB8-8B4A-11D0-8D11-00A0C91BC942}") = "JFCSupports", "..\JFCSupports\JFCSupports.vcproj", "{FCB0AEE0-6C97-4C6C-BF7D-1EBA499CF051}"
	ProjectSection(ProjectDependencies) = postProject
		{21F385F4-F32C-4667-88A0-CC42D18D5DE6} = {21F385F4-F32C-4667-88A0-CC42D18D5DE6}
		{F62C0860-D893-48B3-819D-12586EB0A6FC} = {F62C0860-D893-48B3-819D-12586EB0A6FC}
		{50995F3E-ABBE-4AD1-BDDE-2C2C46FFF4EC} = {50995F3E-ABBE-4AD1-BDDE-2C2C46FFF4EC}
	EndProjectSection
EndProject
Project("{8BC9CEB8-8B4A-11D0-8D11-00A0C91BC942}") = "JFCTarifs", "..\JFCTarifs\JFCTarifs.vcproj", "{67E920FF-3A18-4229-8506-834309E8D125}"
	ProjectSection(ProjectDependencies) = postProject
		{50995F3E-ABBE-4AD1-BDDE-2C2C46FFF4EC} = {50995F3E-ABBE-4AD1-BDDE-2C2C46FFF4EC}
		{874A2F80-5223-4F62-8394-4095CD844CF2} = {874A2F80-5223-4F62-8394-4095CD844CF2}
		{FCB0AEE0-6C97-4C6C-BF7D-1EBA499CF051} = {FCB0AEE0-6C97-4C6C-BF7D-1EBA499CF051}
		{F62C0860-D893-48B3-819D-12586EB0A6FC} = {F62C0860-D893-48B3-819D-12586EB0A6FC}
	EndProjectSection
EndProject
Project("{8BC9CEB8-8B4A-11D0-8D11-00A0C91BC942}") = "JFCTables", "..\JFCTables\JFCTables.vcproj", "{50995F3E-ABBE-4AD1-BDDE-2C2C46FFF4EC}"
EndProject
Project("{8BC9CEB8-8B4A-11D0-8D11-00A0C91BC942}") = "JFCControls", "..\JFCControls\JFCControls.vcproj", "{21F385F4-F32C-4667-88A0-CC42D18D5DE6}"
EndProject
Project("{8BC9CEB8-8B4A-11D0-8D11-00A0C91BC942}") = "RepItemsExt", "..\RepItemsExt\RepItemsExt.vcproj", "{6C987943-AF11-4914-AD3D-A137404BF922}"
	ProjectSection(ProjectDependencies) = postProject
		{21F385F4-F32C-4667-88A0-CC42D18D5DE6} = {21F385F4-F32C-4667-88A0-CC42D18D5DE6}
		{FCB0AEE0-6C97-4C6C-BF7D-1EBA499CF051} = {FCB0AEE0-6C97-4C6C-BF7D-1EBA499CF051}
		{C4771CB5-55D2-40F1-8E1B-5C527C1B4679} = {C4771CB5-55D2-40F1-8E1B-5C527C1B4679}
		{F62C0860-D893-48B3-819D-12586EB0A6FC} = {F62C0860-D893-48B3-819D-12586EB0A6FC}
		{07993D43-F83A-4ADA-BD3C-F2E3E8174A16} = {07993D43-F83A-4ADA-BD3C-F2E3E8174A16}
		{50995F3E-ABBE-4AD1-BDDE-2C2C46FFF4EC} = {50995F3E-ABBE-4AD1-BDDE-2C2C46FFF4EC}
		{3CA2032A-0DB7-4725-A2C0-F3DCBAE1CA25} = {3CA2032A-0DB7-4725-A2C0-F3DCBAE1CA25}
	EndProjectSection
EndProject
Project("{8BC9CEB8-8B4A-11D0-8D11-00A0C91BC942}") = "RepSupportsExt", "..\RepSupportsExt\RepSupportsExt.vcproj", "{15F66B24-68E6-4E9B-9E8D-D3601482A528}"
	ProjectSection(ProjectDependencies) = postProject
		{FCB0AEE0-6C97-4C6C-BF7D-1EBA499CF051} = {FCB0AEE0-6C97-4C6C-BF7D-1EBA499CF051}
		{C4771CB5-55D2-40F1-8E1B-5C527C1B4679} = {C4771CB5-55D2-40F1-8E1B-5C527C1B4679}
		{874A2F80-5223-4F62-8394-4095CD844CF2} = {874A2F80-5223-4F62-8394-4095CD844CF2}
		{F62C0860-D893-48B3-819D-12586EB0A6FC} = {F62C0860-D893-48B3-819D-12586EB0A6FC}
		{50995F3E-ABBE-4AD1-BDDE-2C2C46FFF4EC} = {50995F3E-ABBE-4AD1-BDDE-2C2C46FFF4EC}
		{67E920FF-3A18-4229-8506-834309E8D125} = {67E920FF-3A18-4229-8506-834309E8D125}
		{21F385F4-F32C-4667-88A0-CC42D18D5DE6} = {21F385F4-F32C-4667-88A0-CC42D18D5DE6}
	EndProjectSection
EndProject
Project("{8BC9CEB8-8B4A-11D0-8D11-00A0C91BC942}") = "AnalyseurExt", "..\AnalyseurExt\AnalyseurExt.vcproj", "{67ACA8A7-FFD1-4CC9-A910-119CBA286768}"
	ProjectSection(ProjectDependencies) = postProject
		{21F385F4-F32C-4667-88A0-CC42D18D5DE6} = {21F385F4-F32C-4667-88A0-CC42D18D5DE6}
		{FCB0AEE0-6C97-4C6C-BF7D-1EBA499CF051} = {FCB0AEE0-6C97-4C6C-BF7D-1EBA499CF051}
		{C4771CB5-55D2-40F1-8E1B-5C527C1B4679} = {C4771CB5-55D2-40F1-8E1B-5C527C1B4679}
		{F62C0860-D893-48B3-819D-12586EB0A6FC} = {F62C0860-D893-48B3-819D-12586EB0A6FC}
		{6C987943-AF11-4914-AD3D-A137404BF922} = {6C987943-AF11-4914-AD3D-A137404BF922}
		{07993D43-F83A-4ADA-BD3C-F2E3E8174A16} = {07993D43-F83A-4ADA-BD3C-F2E3E8174A16}
		{50995F3E-ABBE-4AD1-BDDE-2C2C46FFF4EC} = {50995F3E-ABBE-4AD1-BDDE-2C2C46FFF4EC}
		{3CA2032A-0DB7-4725-A2C0-F3DCBAE1CA25} = {3CA2032A-0DB7-4725-A2C0-F3DCBAE1CA25}
	EndProjectSection
EndProject
Project("{8BC9CEB8-8B4A-11D0-8D11-00A0C91BC942}") = "CreusetExt", "..\CreusetExt\CreusetExt.vcproj", "{AE91DD64-6BEA-4761-913A-D2610CB98E32}"
	ProjectSection(ProjectDependencies) = postProject
		{21F385F4-F32C-4667-88A0-CC42D18D5DE6} = {21F385F4-F32C-4667-88A0-CC42D18D5DE6}
		{FCB0AEE0-6C97-4C6C-BF7D-1EBA499CF051} = {FCB0AEE0-6C97-4C6C-BF7D-1EBA499CF051}
		{C4771CB5-55D2-40F1-8E1B-5C527C1B4679} = {C4771CB5-55D2-40F1-8E1B-5C527C1B4679}
		{7F8C6E6F-0AEB-4B69-B24C-802BC8AF7AB6} = {7F8C6E6F-0AEB-4B69-B24C-802BC8AF7AB6}
		{F62C0860-D893-48B3-819D-12586EB0A6FC} = {F62C0860-D893-48B3-819D-12586EB0A6FC}
		{07993D43-F83A-4ADA-BD3C-F2E3E8174A16} = {07993D43-F83A-4ADA-BD3C-F2E3E8174A16}
		{50995F3E-ABBE-4AD1-BDDE-2C2C46FFF4EC} = {50995F3E-ABBE-4AD1-BDDE-2C2C46FFF4EC}
		{3CA2032A-0DB7-4725-A2C0-F3DCBAE1CA25} = {3CA2032A-0DB7-4725-A2C0-F3DCBAE1CA25}
		{3C925D12-A229-4763-AD5C-B83D2F1546F8} = {3C925D12-A229-4763-AD5C-B83D2F1546F8}
		{67E920FF-3A18-4229-8506-834309E8D125} = {67E920FF-3A18-4229-8506-834309E8D125}
		{0D9D8EFB-4EB7-4141-B106-835F4B78EBB7} = {0D9D8EFB-4EB7-4141-B106-835F4B78EBB7}
	EndProjectSection
EndProject
Project("{8BC9CEB8-8B4A-11D0-8D11-00A0C91BC942}") = "ChoixSupportExt", "..\ChoixSupportExt\ChoixSupportExt.vcproj", "{8DD650A2-E82E-4BC6-AD25-7D783C90E8FD}"
	ProjectSection(ProjectDependencies) = postProject
		{21F385F4-F32C-4667-88A0-CC42D18D5DE6} = {21F385F4-F32C-4667-88A0-CC42D18D5DE6}
		{FCB0AEE0-6C97-4C6C-BF7D-1EBA499CF051} = {FCB0AEE0-6C97-4C6C-BF7D-1EBA499CF051}
		{C4771CB5-55D2-40F1-8E1B-5C527C1B4679} = {C4771CB5-55D2-40F1-8E1B-5C527C1B4679}
		{7F8C6E6F-0AEB-4B69-B24C-802BC8AF7AB6} = {7F8C6E6F-0AEB-4B69-B24C-802BC8AF7AB6}
		{F62C0860-D893-48B3-819D-12586EB0A6FC} = {F62C0860-D893-48B3-819D-12586EB0A6FC}
		{07993D43-F83A-4ADA-BD3C-F2E3E8174A16} = {07993D43-F83A-4ADA-BD3C-F2E3E8174A16}
		{50995F3E-ABBE-4AD1-BDDE-2C2C46FFF4EC} = {50995F3E-ABBE-4AD1-BDDE-2C2C46FFF4EC}
		{3CA2032A-0DB7-4725-A2C0-F3DCBAE1CA25} = {3CA2032A-0DB7-4725-A2C0-F3DCBAE1CA25}
		{3C925D12-A229-4763-AD5C-B83D2F1546F8} = {3C925D12-A229-4763-AD5C-B83D2F1546F8}
		{AE91DD64-6BEA-4761-913A-D2610CB98E32} = {AE91DD64-6BEA-4761-913A-D2610CB98E32}
		{67E920FF-3A18-4229-8506-834309E8D125} = {67E920FF-3A18-4229-8506-834309E8D125}
		{0D9D8EFB-4EB7-4141-B106-835F4B78EBB7} = {0D9D8EFB-4EB7-4141-B106-835F4B78EBB7}
		{E4ED13F9-4A85-47D2-8DF2-929FF28D43D8} = {E4ED13F9-4A85-47D2-8DF2-929FF28D43D8}
	EndProjectSection
EndProject
Project("{8BC9CEB8-8B4A-11D0-8D11-00A0C91BC942}") = "JFCOffre", "..\JFCOffre\JFCOffre.vcproj", "{3C925D12-A229-4763-AD5C-B83D2F1546F8}"
	ProjectSection(ProjectDependencies) = postProject
		{FCB0AEE0-6C97-4C6C-BF7D-1EBA499CF051} = {FCB0AEE0-6C97-4C6C-BF7D-1EBA499CF051}
		{C4771CB5-55D2-40F1-8E1B-5C527C1B4679} = {C4771CB5-55D2-40F1-8E1B-5C527C1B4679}
		{F62C0860-D893-48B3-819D-12586EB0A6FC} = {F62C0860-D893-48B3-819D-12586EB0A6FC}
		{07993D43-F83A-4ADA-BD3C-F2E3E8174A16} = {07993D43-F83A-4ADA-BD3C-F2E3E8174A16}
		{50995F3E-ABBE-4AD1-BDDE-2C2C46FFF4EC} = {50995F3E-ABBE-4AD1-BDDE-2C2C46FFF4EC}
		{67E920FF-3A18-4229-8506-834309E8D125} = {67E920FF-3A18-4229-8506-834309E8D125}
		{21F385F4-F32C-4667-88A0-CC42D18D5DE6} = {21F385F4-F32C-4667-88A0-CC42D18D5DE6}
	EndProjectSection
EndProject
Project("{8BC9CEB8-8B4A-11D0-8D11-00A0C91BC942}") = "JFCMoteur", "..\JFCMoteur\JFCMoteur.vcproj", "{0D9D8EFB-4EB7-4141-B106-835F4B78EBB7}"
	ProjectSection(ProjectDependencies) = postProject
		{C4771CB5-55D2-40F1-8E1B-5C527C1B4679} = {C4771CB5-55D2-40F1-8E1B-5C527C1B4679}
		{F62C0860-D893-48B3-819D-12586EB0A6FC} = {F62C0860-D893-48B3-819D-12586EB0A6FC}
		{07993D43-F83A-4ADA-BD3C-F2E3E8174A16} = {07993D43-F83A-4ADA-BD3C-F2E3E8174A16}
		{50995F3E-ABBE-4AD1-BDDE-2C2C46FFF4EC} = {50995F3E-ABBE-4AD1-BDDE-2C2C46FFF4EC}
		{3C925D12-A229-4763-AD5C-B83D2F1546F8} = {3C925D12-A229-4763-AD5C-B83D2F1546F8}
		{67E920FF-3A18-4229-8506-834309E8D125} = {67E920FF-3A18-4229-8506-834309E8D125}
		{FCB0AEE0-6C97-4C6C-BF7D-1EBA499CF051} = {FCB0AEE0-6C97-4C6C-BF7D-1EBA499CF051}
	EndProjectSection
EndProject
Project("{8BC9CEB8-8B4A-11D0-8D11-00A0C91BC942}") = "JFCFileDoc", "..\JFCFileDoc\JFCFileDoc.vcproj", "{7F8C6E6F-0AEB-4B69-B24C-802BC8AF7AB6}"
	ProjectSection(ProjectDependencies) = postProject
		{874A2F80-5223-4F62-8394-4095CD844CF2} = {874A2F80-5223-4F62-8394-4095CD844CF2}
		{E4ED13F9-4A85-47D2-8DF2-929FF28D43D8} = {E4ED13F9-4A85-47D2-8DF2-929FF28D43D8}
		{21F385F4-F32C-4667-88A0-CC42D18D5DE6} = {21F385F4-F32C-4667-88A0-CC42D18D5DE6}
		{FCB0AEE0-6C97-4C6C-BF7D-1EBA499CF051} = {FCB0AEE0-6C97-4C6C-BF7D-1EBA499CF051}
		{C4771CB5-55D2-40F1-8E1B-5C527C1B4679} = {C4771CB5-55D2-40F1-8E1B-5C527C1B4679}
		{F62C0860-D893-48B3-819D-12586EB0A6FC} = {F62C0860-D893-48B3-819D-12586EB0A6FC}
		{6C987943-AF11-4914-AD3D-A137404BF922} = {6C987943-AF11-4914-AD3D-A137404BF922}
		{07993D43-F83A-4ADA-BD3C-F2E3E8174A16} = {07993D43-F83A-4ADA-BD3C-F2E3E8174A16}
		{50995F3E-ABBE-4AD1-BDDE-2C2C46FFF4EC} = {50995F3E-ABBE-4AD1-BDDE-2C2C46FFF4EC}
		{3C925D12-A229-4763-AD5C-B83D2F1546F8} = {3C925D12-A229-4763-AD5C-B83D2F1546F8}
		{0D9D8EFB-4EB7-4141-B106-835F4B78EBB7} = {0D9D8EFB-4EB7-4141-B106-835F4B78EBB7}
		{67E920FF-3A18-4229-8506-834309E8D125} = {67E920FF-3A18-4229-8506-834309E8D125}
	EndProjectSection
EndProject
Project("{8BC9CEB8-8B4A-11D0-8D11-00A0C91BC942}") = "JFCTablesPresse", "..\JFCTablesPresse\JFCTablesPresse.vcproj", "{F62C0860-D893-48B3-819D-12586EB0A6FC}"
	ProjectSection(ProjectDependencies) = postProject
		{874A2F80-5223-4F62-8394-4095CD844CF2} = {874A2F80-5223-4F62-8394-4095CD844CF2}
		{50995F3E-ABBE-4AD1-BDDE-2C2C46FFF4EC} = {50995F3E-ABBE-4AD1-BDDE-2C2C46FFF4EC}
	EndProjectSection
EndProject
Project("{8BC9CEB8-8B4A-11D0-8D11-00A0C91BC942}") = "Atelier Presse", "..\Atelier Presse\Atelier Presse.vcproj", "{60BF31E9-FC1D-4C56-A5C1-66C7CE43AD66}"
	ProjectSection(ProjectDependencies) = postProject
		{3C925D12-A229-4763-AD5C-B83D2F1546F8} = {3C925D12-A229-4763-AD5C-B83D2F1546F8}
		{15F66B24-68E6-4E9B-9E8D-D3601482A528} = {15F66B24-68E6-4E9B-9E8D-D3601482A528}
		{67E920FF-3A18-4229-8506-834309E8D125} = {67E920FF-3A18-4229-8506-834309E8D125}
		{AE91DD64-6BEA-4761-913A-D2610CB98E32} = {AE91DD64-6BEA-4761-913A-D2610CB98E32}
		{0D9D8EFB-4EB7-4141-B106-835F4B78EBB7} = {0D9D8EFB-4EB7-4141-B106-835F4B78EBB7}
		{E4ED13F9-4A85-47D2-8DF2-929FF28D43D8} = {E4ED13F9-4A85-47D2-8DF2-929FF28D43D8}
		{21F385F4-F32C-4667-88A0-CC42D18D5DE6} = {21F385F4-F32C-4667-88A0-CC42D18D5DE6}
		{FCB0AEE0-6C97-4C6C-BF7D-1EBA499CF051} = {FCB0AEE0-6C97-4C6C-BF7D-1EBA499CF051}
		{C4771CB5-55D2-40F1-8E1B-5C527C1B4679} = {C4771CB5-55D2-40F1-8E1B-5C527C1B4679}
		{67ACA8A7-FFD1-4CC9-A910-119CBA286768} = {67ACA8A7-FFD1-4CC9-A910-119CBA286768}
		{8DD650A2-E82E-4BC6-AD25-7D783C90E8FD} = {8DD650A2-E82E-4BC6-AD25-7D783C90E8FD}
		{874A2F80-5223-4F62-8394-4095CD844CF2} = {874A2F80-5223-4F62-8394-4095CD844CF2}
		{7F8C6E6F-0AEB-4B69-B24C-802BC8AF7AB6} = {7F8C6E6F-0AEB-4B69-B24C-802BC8AF7AB6}
		{F62C0860-D893-48B3-819D-12586EB0A6FC} = {F62C0860-D893-48B3-819D-12586EB0A6FC}
		{6C987943-AF11-4914-AD3D-A137404BF922} = {6C987943-AF11-4914-AD3D-A137404BF922}
		{07993D43-F83A-4ADA-BD3C-F2E3E8174A16} = {07993D43-F83A-4ADA-BD3C-F2E3E8174A16}
		{50995F3E-ABBE-4AD1-BDDE-2C2C46FFF4EC} = {50995F3E-ABBE-4AD1-BDDE-2C2C46FFF4EC}
		{3CA2032A-0DB7-4725-A2C0-F3DCBAE1CA25} = {3CA2032A-0DB7-4725-A2C0-F3DCBAE1CA25}
	EndProjectSection
EndProject
Project("{8BC9CEB8-8B4A-11D0-8D11-00A0C91BC942}") = "SineQuaNon", "..\SineQuaNon\SineQuaNon.vcproj", "{6033CA52-08A6-4F2B-A0D5-7779924848F3}"
	ProjectSection(ProjectDependencies) = postProject
		{21F385F4-F32C-4667-88A0-CC42D18D5DE6} = {21F385F4-F32C-4667-88A0-CC42D18D5DE6}
		{C4771CB5-55D2-40F1-8E1B-5C527C1B4679} = {C4771CB5-55D2-40F1-8E1B-5C527C1B4679}
		{67ACA8A7-FFD1-4CC9-A910-119CBA286768} = {67ACA8A7-FFD1-4CC9-A910-119CBA286768}
		{6C987943-AF11-4914-AD3D-A137404BF922} = {6C987943-AF11-4914-AD3D-A137404BF922}
		{07993D43-F83A-4ADA-BD3C-F2E3E8174A16} = {07993D43-F83A-4ADA-BD3C-F2E3E8174A16}
		{50995F3E-ABBE-4AD1-BDDE-2C2C46FFF4EC} = {50995F3E-ABBE-4AD1-BDDE-2C2C46FFF4EC}
		{3CA2032A-0DB7-4725-A2C0-F3DCBAE1CA25} = {3CA2032A-0DB7-4725-A2C0-F3DCBAE1CA25}
	EndProjectSection
EndProject
Project("{8BC9CEB8-8B4A-11D0-8D11-00A0C91BC942}") = "SQN-Profiling", "..\SQN-Profiling\SQN-Profiling.vcproj", "{094223E9-E18A-4659-890C-DD661A28C3D3}"
	ProjectSection(ProjectDependencies) = postProject
		{21F385F4-F32C-4667-88A0-CC42D18D5DE6} = {21F385F4-F32C-4667-88A0-CC42D18D5DE6}
		{C4771CB5-55D2-40F1-8E1B-5C527C1B4679} = {C4771CB5-55D2-40F1-8E1B-5C527C1B4679}
		{67ACA8A7-FFD1-4CC9-A910-119CBA286768} = {67ACA8A7-FFD1-4CC9-A910-119CBA286768}
		{6C987943-AF11-4914-AD3D-A137404BF922} = {6C987943-AF11-4914-AD3D-A137404BF922}
		{07993D43-F83A-4ADA-BD3C-F2E3E8174A16} = {07993D43-F83A-4ADA-BD3C-F2E3E8174A16}
		{50995F3E-ABBE-4AD1-BDDE-2C2C46FFF4EC} = {50995F3E-ABBE-4AD1-BDDE-2C2C46FFF4EC}
		{3CA2032A-0DB7-4725-A2C0-F3DCBAE1CA25} = {3CA2032A-0DB7-4725-A2C0-F3DCBAE1CA25}
	EndProjectSection
EndProject
Project("{8BC9CEB8-8B4A-11D0-8D11-00A0C91BC942}") = "JFCConf", "..\JFCConf\JFCConf.vcproj", "{874A2F80-5223-4F62-8394-4095CD844CF2}"
EndProject
Project("{8BC9CEB8-8B4A-11D0-8D11-00A0C91BC942}") = "JFCDataExo", "..\JFCDataExo\JFCDataExo.vcproj", "{E4ED13F9-4A85-47D2-8DF2-929FF28D43D8}"
EndProject
Project("{8BC9CEB8-8B4A-11D0-8D11-00A0C91BC942}") = "ExcelPrint", "..\ExcelPrint\ExcelPrint.vcproj", "{3CA2032A-0DB7-4725-A2C0-F3DCBAE1CA25}"
	ProjectSection(ProjectDependencies) = postProject
		{21F385F4-F32C-4667-88A0-CC42D18D5DE6} = {21F385F4-F32C-4667-88A0-CC42D18D5DE6}
	EndProjectSection
EndProject
Project("{8BC9CEB8-8B4A-11D0-8D11-00A0C91BC942}") = "SQN-AdVision", "..\SQN-AdVision\SQN-AdVision.vcproj", "{93CD35EC-B241-46D5-924B-C595C9D3DEB4}"
	ProjectSection(ProjectDependencies) = postProject
		{21F385F4-F32C-4667-88A0-CC42D18D5DE6} = {21F385F4-F32C-4667-88A0-CC42D18D5DE6}
		{C4771CB5-55D2-40F1-8E1B-5C527C1B4679} = {C4771CB5-55D2-40F1-8E1B-5C527C1B4679}
		{67ACA8A7-FFD1-4CC9-A910-119CBA286768} = {67ACA8A7-FFD1-4CC9-A910-119CBA286768}
		{6C987943-AF11-4914-AD3D-A137404BF922} = {6C987943-AF11-4914-AD3D-A137404BF922}
		{07993D43-F83A-4ADA-BD3C-F2E3E8174A16} = {07993D43-F83A-4ADA-BD3C-F2E3E8174A16}
		{50995F3E-ABBE-4AD1-BDDE-2C2C46FFF4EC} = {50995F3E-ABBE-4AD1-BDDE-2C2C46FFF4EC}
		{3CA2032A-0DB7-4725-A2C0-F3DCBAE1CA25} = {3CA2032A-0DB7-4725-A2C0-F3DCBAE1CA25}
	EndProjectSection
EndProject
Global
	GlobalSection(SourceCodeControl) = preSolution
		SccNumberOfProjects = 23
		SccProjectName0 = \u0022$/Atelier\u0020Presse/Version\u00202.5.2\u0022,\u0020PWFBAAAA
		SccLocalPath0 = ..
		SccProvider0 = MSSCCI:Microsoft\u0020Visual\u0020SourceSafe
		CanCheckoutShared = false
		SccProjectFilePathRelativizedFromConnection0 = SLN_JFC_PRESSE\\
		SccProjectUniqueName1 = ..\\JFCItems\\JFCITEMS.vcproj
		SccLocalPath1 = ..
		CanCheckoutShared = false
		SccProjectFilePathRelativizedFromConnection1 = JFCItems\\
		SccProjectUniqueName2 = ..\\ChoixSupportExt\\ChoixSupportExt.vcproj
		SccLocalPath2 = ..
		CanCheckoutShared = false
		SccProjectFilePathRelativizedFromConnection2 = ChoixSupportExt\\
		SccProjectUniqueName3 = ..\\AnalyseurExt\\AnalyseurExt.vcproj
		SccLocalPath3 = ..
		CanCheckoutShared = false
		SccProjectFilePathRelativizedFromConnection3 = AnalyseurExt\\
		SccProjectUniqueName4 = ..\\CreusetExt\\CreusetExt.vcproj
		SccLocalPath4 = ..
		CanCheckoutShared = false
		SccProjectFilePathRelativizedFromConnection4 = CreusetExt\\
		SccProjectUniqueName5 = ..\\RepSupportsExt\\RepSupportsExt.vcproj
		SccLocalPath5 = ..
		CanCheckoutShared = false
		SccProjectFilePathRelativizedFromConnection5 = RepSupportsExt\\
		SccProjectUniqueName6 = ..\\JFCOffre\\JFCOffre.vcproj
		SccLocalPath6 = ..
		CanCheckoutShared = false
		SccProjectFilePathRelativizedFromConnection6 = JFCOffre\\
		SccProjectUniqueName7 = ..\\JFCMoteur\\JFCMoteur.vcproj
		SccLocalPath7 = ..
		CanCheckoutShared = false
		SccProjectFilePathRelativizedFromConnection7 = JFCMoteur\\
		SccProjectUniqueName8 = ..\\RepItemsExt\\RepItemsExt.vcproj
		SccLocalPath8 = ..
		CanCheckoutShared = false
		SccProjectFilePathRelativizedFromConnection8 = RepItemsExt\\
		SccProjectUniqueName9 = ..\\JFCSource\\JFCSOURCE.vcproj
		SccLocalPath9 = ..
		CanCheckoutShared = false
		SccProjectFilePathRelativizedFromConnection9 = JFCSource\\
		SccProjectUniqueName10 = ..\\JFCSupports\\JFCSupports.vcproj
		SccLocalPath10 = ..
		CanCheckoutShared = false
		SccProjectFilePathRelativizedFromConnection10 = JFCSupports\\
		SccProjectUniqueName11 = ..\\JFCTarifs\\JFCTarifs.vcproj
		SccLocalPath11 = ..
		CanCheckoutShared = false
		SccProjectFilePathRelativizedFromConnection11 = JFCTarifs\\
		SccProjectUniqueName12 = ..\\JFCTables\\JFCTables.vcproj
		SccLocalPath12 = ..
		CanCheckoutShared = false
		SccProjectFilePathRelativizedFromConnection12 = JFCTables\\
		SccProjectUniqueName13 = ..\\JFCControls\\JFCControls.vcproj
		SccLocalPath13 = ..
		CanCheckoutShared = false
		SccProjectFilePathRelativizedFromConnection13 = JFCControls\\
		SccProjectUniqueName14 = ..\\JFCFileDoc\\JFCFileDoc.vcproj
		SccLocalPath14 = ..
		CanCheckoutShared = false
		SccProjectFilePathRelativizedFromConnection14 = JFCFileDoc\\
		SccProjectUniqueName15 = ..\\JFCTablesPresse\\JFCTablesPresse.vcproj
		SccLocalPath15 = ..
		CanCheckoutShared = false
		SccProjectFilePathRelativizedFromConnection15 = JFCTablesPresse\\
		SccProjectUniqueName16 = ..\\JFCConf\\JFCConf.vcproj
		SccLocalPath16 = ..
		CanCheckoutShared = false
		SccProjectFilePathRelativizedFromConnection16 = JFCConf\\
		SccProjectUniqueName17 = ..\\JFCDataExo\\JFCDataExo.vcproj
		SccLocalPath17 = ..
		CanCheckoutShared = false
		SccProjectFilePathRelativizedFromConnection17 = JFCDataExo\\
		SccProjectUniqueName18 = ..\\ExcelPrint\\ExcelPrint.vcproj
		SccLocalPath18 = ..
		CanCheckoutShared = false
		SccProjectFilePathRelativizedFromConnection18 = ExcelPrint\\
		SccProjectUniqueName19 = ..\\Atelier\u0020Presse\\Atelier\u0020Presse.vcproj
		SccLocalPath19 = ..
		CanCheckoutShared = false
		SccProjectFilePathRelativizedFromConnection19 = Atelier\u0020Presse\\
		SccProjectUniqueName20 = ..\\SineQuaNon\\SineQuaNon.vcproj
		SccLocalPath20 = ..
		CanCheckoutShared = false
		SccProjectFilePathRelativizedFromConnection20 = SineQuaNon\\
		SccProjectUniqueName21 = ..\\SQN-Profiling\\SQN-Profiling.vcproj
		SccLocalPath21 = ..
		CanCheckoutShared = false
		SccProjectFilePathRelativizedFromConnection21 = SQN-Profiling\\
		SccProjectUniqueName22 = ..\\SQN-AdVision\\SQN-AdVision.vcproj
		SccLocalPath22 = ..
		CanCheckoutShared = false
		SccProjectFilePathRelativizedFromConnection22 = SQN-AdVision\\
	EndGlobalSection
	GlobalSection(SolutionConfigurationPlatforms) = preSolution
		Debug|Win32 = Debug|Win32
		Release|Win32 = Release|Win32
	EndGlobalSection
	GlobalSection(ProjectConfigurationPlatforms) = postSolution
		{07993D43-F83A-4ADA-BD3C-F2E3E8174A16}.Debug|Win32.ActiveCfg = Debug|Win32
		{07993D43-F83A-4ADA-BD3C-F2E3E8174A16}.Debug|Win32.Build.0 = Debug|Win32
		{07993D43-F83A-4ADA-BD3C-F2E3E8174A16}.Release|Win32.ActiveCfg = Release|Win32
		{07993D43-F83A-4ADA-BD3C-F2E3E8174A16}.Release|Win32.Build.0 = Release|Win32
		{C4771CB5-55D2-40F1-8E1B-5C527C1B4679}.Debug|Win32.ActiveCfg = Debug|Win32
		{C4771CB5-55D2-40F1-8E1B-5C527C1B4679}.Debug|Win32.Build.0 = Debug|Win32
		{C4771CB5-55D2-40F1-8E1B-5C527C1B4679}.Release|Win32.ActiveCfg = Release|Win32
		{C4771CB5-55D2-40F1-8E1B-5C527C1B4679}.Release|Win32.Build.0 = Release|Win32
		{FCB0AEE0-6C97-4C6C-BF7D-1EBA499CF051}.Debug|Win32.ActiveCfg = Debug|Win32
		{FCB0AEE0-6C97-4C6C-BF7D-1EBA499CF051}.Debug|Win32.Build.0 = Debug|Win32
		{FCB0AEE0-6C97-4C6C-BF7D-1EBA499CF051}.Release|Win32.ActiveCfg = Release|Win32
		{FCB0AEE0-6C97-4C6C-BF7D-1EBA499CF051}.Release|Win32.Build.0 = Release|Win32
		{67E920FF-3A18-4229-8506-834309E8D125}.Debug|Win32.ActiveCfg = Debug|Win32
		{67E920FF-3A18-4229-8506-834309E8D125}.Debug|Win32.Build.0 = Debug|Win32
		{67E920FF-3A18-4229-8506-834309E8D125}.Release|Win32.ActiveCfg = Release|Win32
		{67E920FF-3A18-4229-8506-834309E8D125}.Release|Win32.Build.0 = Release|Win32
		{50995F3E-ABBE-4AD1-BDDE-2C2C46FFF4EC}.Debug|Win32.ActiveCfg = Debug|Win32
		{50995F3E-ABBE-4AD1-BDDE-2C2C46FFF4EC}.Debug|Win32.Build.0 = Debug|Win32
		{50995F3E-ABBE-4AD1-BDDE-2C2C46FFF4EC}.Release|Win32.ActiveCfg = Release|Win32
		{50995F3E-ABBE-4AD1-BDDE-2C2C46FFF4EC}.Release|Win32.Build.0 = Release|Win32
		{21F385F4-F32C-4667-88A0-CC42D18D5DE6}.Debug|Win32.ActiveCfg = Debug|Win32
		{21F385F4-F32C-4667-88A0-CC42D18D5DE6}.Debug|Win32.Build.0 = Debug|Win32
		{21F385F4-F32C-4667-88A0-CC42D18D5DE6}.Release|Win32.ActiveCfg = Release|Win32
		{21F385F4-F32C-4667-88A0-CC42D18D5DE6}.Release|Win32.Build.0 = Release|Win32
		{6C987943-AF11-4914-AD3D-A137404BF922}.Debug|Win32.ActiveCfg = Debug|Win32
		{6C987943-AF11-4914-AD3D-A137404BF922}.Debug|Win32.Build.0 = Debug|Win32
		{6C987943-AF11-4914-AD3D-A137404BF922}.Release|Win32.ActiveCfg = Release|Win32
		{6C987943-AF11-4914-AD3D-A137404BF922}.Release|Win32.Build.0 = Release|Win32
		{15F66B24-68E6-4E9B-9E8D-D3601482A528}.Debug|Win32.ActiveCfg = Debug|Win32
		{15F66B24-68E6-4E9B-9E8D-D3601482A528}.Debug|Win32.Build.0 = Debug|Win32
		{15F66B24-68E6-4E9B-9E8D-D3601482A528}.Release|Win32.ActiveCfg = Release|Win32
		{15F66B24-68E6-4E9B-9E8D-D3601482A528}.Release|Win32.Build.0 = Release|Win32
		{67ACA8A7-FFD1-4CC9-A910-119CBA286768}.Debug|Win32.ActiveCfg = Debug|Win32
		{67ACA8A7-FFD1-4CC9-A910-119CBA286768}.Debug|Win32.Build.0 = Debug|Win32
		{67ACA8A7-FFD1-4CC9-A910-119CBA286768}.Release|Win32.ActiveCfg = Release|Win32
		{67ACA8A7-FFD1-4CC9-A910-119CBA286768}.Release|Win32.Build.0 = Release|Win32
		{AE91DD64-6BEA-4761-913A-D2610CB98E32}.Debug|Win32.ActiveCfg = Debug|Win32
		{AE91DD64-6BEA-4761-913A-D2610CB98E32}.Debug|Win32.Build.0 = Debug|Win32
		{AE91DD64-6BEA-4761-913A-D2610CB98E32}.Release|Win32.ActiveCfg = Release|Win32
		{AE91DD64-6BEA-4761-913A-D2610CB98E32}.Release|Win32.Build.0 = Release|Win32
		{8DD650A2-E82E-4BC6-AD25-7D783C90E8FD}.Debug|Win32.ActiveCfg = Debug|Win32
		{8DD650A2-E82E-4BC6-AD25-7D783C90E8FD}.Debug|Win32.Build.0 = Debug|Win32
		{8DD650A2-E82E-4BC6-AD25-7D783C90E8FD}.Release|Win32.ActiveCfg = Release|Win32
		{8DD650A2-E82E-4BC6-AD25-7D783C90E8FD}.Release|Win32.Build.0 = Release|Win32
		{3C925D12-A229-4763-AD5C-B83D2F1546F8}.Debug|Win32.ActiveCfg = Debug|Win32
		{3C925D12-A229-4763-AD5C-B83D2F1546F8}.Debug|Win32.Build.0 = Debug|Win32
		{3C925D12-A229-4763-AD5C-B83D2F1546F8}.Release|Win32.ActiveCfg = Release|Win32
		{3C925D12-A229-4763-AD5C-B83D2F1546F8}.Release|Win32.Build.0 = Release|Win32
		{0D9D8EFB-4EB7-4141-B106-835F4B78EBB7}.Debug|Win32.ActiveCfg = Debug|Win32
		{0D9D8EFB-4EB7-4141-B106-835F4B78EBB7}.Debug|Win32.Build.0 = Debug|Win32
		{0D9D8EFB-4EB7-4141-B106-835F4B78EBB7}.Release|Win32.ActiveCfg = Release|Win32
		{0D9D8EFB-4EB7-4141-B106-835F4B78EBB7}.Release|Win32.Build.0 = Release|Win32
		{7F8C6E6F-0AEB-4B69-B24C-802BC8AF7AB6}.Debug|Win32.ActiveCfg = Debug|Win32
		{7F8C6E6F-0AEB-4B69-B24C-802BC8AF7AB6}.Debug|Win32.Build.0 = Debug|Win32
		{7F8C6E6F-0AEB-4B69-B24C-802BC8AF7AB6}.Release|Win32.ActiveCfg = Release|Win32
		{7F8C6E6F-0AEB-4B69-B24C-802BC8AF7AB6}.Release|Win32.Build.0 = Release|Win32
		{F62C0860-D893-48B3-819D-12586EB0A6FC}.Debug|Win32.ActiveCfg = Debug|Win32
		{F62C0860-D893-48B3-819D-12586EB0A6FC}.Debug|Win32.Build.0 = Debug|Win32
		{F62C0860-D893-48B3-819D-12586EB0A6FC}.Release|Win32.ActiveCfg = Release|Win32
		{F62C0860-D893-48B3-819D-12586EB0A6FC}.Release|Win32.Build.0 = Release|Win32
		{60BF31E9-FC1D-4C56-A5C1-66C7CE43AD66}.Debug|Win32.ActiveCfg = Debug|Win32
		{60BF31E9-FC1D-4C56-A5C1-66C7CE43AD66}.Debug|Win32.Build.0 = Debug|Win32
		{60BF31E9-FC1D-4C56-A5C1-66C7CE43AD66}.Release|Win32.ActiveCfg = Release|Win32
		{60BF31E9-FC1D-4C56-A5C1-66C7CE43AD66}.Release|Win32.Build.0 = Release|Win32
		{6033CA52-08A6-4F2B-A0D5-7779924848F3}.Debug|Win32.ActiveCfg = Debug|Win32
		{6033CA52-08A6-4F2B-A0D5-7779924848F3}.Debug|Win32.Build.0 = Debug|Win32
		{6033CA52-08A6-4F2B-A0D5-7779924848F3}.Release|Win32.ActiveCfg = Release|Win32
		{6033CA52-08A6-4F2B-A0D5-7779924848F3}.Release|Win32.Build.0 = Release|Win32
		{094223E9-E18A-4659-890C-DD661A28C3D3}.Debug|Win32.ActiveCfg = Debug|Win32
		{094223E9-E18A-4659-890C-DD661A28C3D3}.Debug|Win32.Build.0 = Debug|Win32
		{094223E9-E18A-4659-890C-DD661A28C3D3}.Release|Win32.ActiveCfg = Release|Win32
		{094223E9-E18A-4659-890C-DD661A28C3D3}.Release|Win32.Build.0 = Release|Win32
		{874A2F80-5223-4F62-8394-4095CD844CF2}.Debug|Win32.ActiveCfg = Debug|Win32
		{874A2F80-5223-4F62-8394-4095CD844CF2}.Debug|Win32.Build.0 = Debug|Win32
		{874A2F80-5223-4F62-8394-4095CD844CF2}.Release|Win32.ActiveCfg = Release|Win32
		{874A2F80-5223-4F62-8394-4095CD844CF2}.Release|Win32.Build.0 = Release|Win32
		{E4ED13F9-4A85-47D2-8DF2-929FF28D43D8}.Debug|Win32.ActiveCfg = Debug|Win32
		{E4ED13F9-4A85-47D2-8DF2-929FF28D43D8}.Debug|Win32.Build.0 = Debug|Win32
		{E4ED13F9-4A85-47D2-8DF2-929FF28D43D8}.Release|Win32.ActiveCfg = Release|Win32
		{E4ED13F9-4A85-47D2-8DF2-929FF28D43D8}.Release|Win32.Build.0 = Release|Win32
		{3CA2032A-0DB7-4725-A2C0-F3DCBAE1CA25}.Debug|Win32.ActiveCfg = Debug|Win32
		{3CA2032A-0DB7-4725-A2C0-F3DCBAE1CA25}.Debug|Win32.Build.0 = Debug|Win32
		{3CA2032A-0DB7-4725-A2C0-F3DCBAE1CA25}.Release|Win32.ActiveCfg = Release|Win32
		{3CA2032A-0DB7-4725-A2C0-F3DCBAE1CA25}.Release|Win32.Build.0 = Release|Win32
		{93CD35EC-B241-46D5-924B-C595C9D3DEB4}.Debug|Win32.ActiveCfg = Debug|Win32
		{93CD35EC-B241-46D5-924B-C595C9D3DEB4}.Debug|Win32.Build.0 = Debug|Win32
		{93CD35EC-B241-46D5-924B-C595C9D3DEB4}.Release|Win32.ActiveCfg = Release|Win32
		{93CD35EC-B241-46D5-924B-C595C9D3DEB4}.Release|Win32.Build.0 = Release|Win32
	EndGlobalSection
	GlobalSection(SolutionProperties) = preSolution
		HideSolutionNode = FALSE
	EndGlobalSection
EndGlobal
