
Microsoft Visual Studio Solution File, Format Version 11.00
# Visual Studio 2010
Project("{FAE04EC0-301F-11D3-BF4B-00C04F79EFBC}") = "WpfApplicationJFCGrid", "WpfApplicationJFCGrid\WpfApplicationJFCGrid.csproj", "{77BAF38D-F228-472A-8DD8-F152C4B9F39F}"
EndProject
Project("{FAE04EC0-301F-11D3-BF4B-00C04F79EFBC}") = "JFCGridControl", "JFCGridControl\JFCGridControl.csproj", "{7CBE88BF-37FB-4F60-9709-7869FA9C14E4}"
EndProject
Global
	GlobalSection(SolutionConfigurationPlatforms) = preSolution
		Debug|Any CPU = Debug|Any CPU
		Release|Any CPU = Release|Any CPU
	EndGlobalSection
	GlobalSection(ProjectConfigurationPlatforms) = postSolution
		{77BAF38D-F228-472A-8DD8-F152C4B9F39F}.Debug|Any CPU.ActiveCfg = Debug|Any CPU
		{77BAF38D-F228-472A-8DD8-F152C4B9F39F}.Debug|Any CPU.Build.0 = Debug|Any CPU
		{77BAF38D-F228-472A-8DD8-F152C4B9F39F}.Release|Any CPU.ActiveCfg = Release|Any CPU
		{77BAF38D-F228-472A-8DD8-F152C4B9F39F}.Release|Any CPU.Build.0 = Release|Any CPU
		{7CBE88BF-37FB-4F60-9709-7869FA9C14E4}.Debug|Any CPU.ActiveCfg = Debug|Any CPU
		{7CBE88BF-37FB-4F60-9709-7869FA9C14E4}.Debug|Any CPU.Build.0 = Debug|Any CPU
		{7CBE88BF-37FB-4F60-9709-7869FA9C14E4}.Release|Any CPU.ActiveCfg = Release|Any CPU
		{7CBE88BF-37FB-4F60-9709-7869FA9C14E4}.Release|Any CPU.Build.0 = Release|Any CPU
	EndGlobalSection
	GlobalSection(SolutionProperties) = preSolution
		HideSolutionNode = FALSE
	EndGlobalSection
EndGlobal
