<?xml version="1.0" encoding="utf-8"?>
<Project ToolsVersion="4.0" xmlns="http://schemas.microsoft.com/developer/msbuild/2003">
  <ItemGroup>
    <Filter Include="Source Files">
      <UniqueIdentifier>{a9bacd67-3afe-4842-9b94-ef40d53d2e7a}</UniqueIdentifier>
      <Extensions>cpp;c;cxx;rc;def;r;odl;idl;hpj;bat</Extensions>
    </Filter>
    <Filter Include="Header Files">
      <UniqueIdentifier>{60bea908-c468-4080-b9c5-7822988e4fea}</UniqueIdentifier>
      <Extensions>h;hpp;hxx;hm;inl</Extensions>
    </Filter>
    <Filter Include="Resource Files">
      <UniqueIdentifier>{31795339-d0fc-488e-b237-4ad77de9fcb8}</UniqueIdentifier>
      <Extensions>ico;cur;bmp;dlg;rc2;rct;bin;rgs;gif;jpg;jpeg;jpe</Extensions>
    </Filter>
  </ItemGroup>
  <ItemGroup>
    <ClCompile Include="BetaBinomial.cpp">
      <Filter>Source Files</Filter>
    </ClCompile>
    <ClCompile Include="Cibjob.cpp">
      <Filter>Source Files</Filter>
    </ClCompile>
    <ClCompile Include="..\composants\Tomy\DistributionCroisee.cpp">
      <Filter>Source Files</Filter>
    </ClCompile>
    <ClCompile Include="..\composants\Tomy\DistributionCroiseeEx.cpp">
      <Filter>Source Files</Filter>
    </ClCompile>
    <ClCompile Include="..\composants\Tomy\EcouteSupport.cpp">
      <Filter>Source Files</Filter>
    </ClCompile>
    <ClCompile Include="..\composants\Tomy\FicAEJ.cpp">
      <Filter>Source Files</Filter>
    </ClCompile>
    <ClCompile Include="..\composants\Tomy\FicAQJ.cpp">
      <Filter>Source Files</Filter>
    </ClCompile>
    <ClCompile Include="FicLBX.cpp">
      <Filter>Source Files</Filter>
    </ClCompile>
    <ClCompile Include="..\composants\Tomy\FicProba.cpp">
      <Filter>Source Files</Filter>
    </ClCompile>
    <ClCompile Include="..\composants\FicTbl.cpp">
      <Filter>Source Files</Filter>
    </ClCompile>
    <ClCompile Include="..\composants\JFCFileException.cpp">
      <Filter>Source Files</Filter>
    </ClCompile>
    <ClCompile Include="..\composants\Tomy\LiaisonChaineTeleFrance.cpp">
      <Filter>Source Files</Filter>
    </ClCompile>
    <ClCompile Include="..\composants\Tomy\Lien.cpp">
      <Filter>Source Files</Filter>
    </ClCompile>
    <ClCompile Include="..\composants\Tomy\PanelLoader.cpp">
      <Filter>Source Files</Filter>
    </ClCompile>
    <ClCompile Include="..\composants\Tomy\ProbaSupport.cpp">
      <Filter>Source Files</Filter>
    </ClCompile>
    <ClCompile Include="Restom.cpp">
      <Filter>Source Files</Filter>
    </ClCompile>
    <ClCompile Include="ResultatJour.cpp">
      <Filter>Source Files</Filter>
    </ClCompile>
    <ClCompile Include="StdAfx.cpp">
      <Filter>Source Files</Filter>
    </ClCompile>
    <ClCompile Include="..\composants\Tomy\TableConsomationTotalTV.cpp">
      <Filter>Source Files</Filter>
    </ClCompile>
    <ClCompile Include="..\composants\Tomy\TablePopulationEtalon.cpp">
      <Filter>Source Files</Filter>
    </ClCompile>
    <ClCompile Include="TomEval.cpp">
      <Filter>Source Files</Filter>
    </ClCompile>
    <ClCompile Include="TomevalApp.cpp">
      <Filter>Source Files</Filter>
    </ClCompile>
    <ClCompile Include="TomevalCarat.cpp">
      <Filter>Source Files</Filter>
    </ClCompile>
    <ClCompile Include="TomevalDlg.cpp">
      <Filter>Source Files</Filter>
    </ClCompile>
    <ClCompile Include="Tomjob.cpp">
      <Filter>Source Files</Filter>
    </ClCompile>
    <ClCompile Include="..\composants\Tomy\Tomy.cpp">
      <Filter>Source Files</Filter>
    </ClCompile>
    <ClCompile Include="..\composants\Tomy\TomyCIMBelge.cpp">
      <Filter>Source Files</Filter>
    </ClCompile>
    <ClCompile Include="TomyCIMRusse.cpp">
      <Filter>Source Files</Filter>
    </ClCompile>
    <ClCompile Include="..\composants\Tomy\TomyConsolide.cpp">
      <Filter>Source Files</Filter>
    </ClCompile>
    <ClCompile Include="..\composants\Tomy\TomyConsolideMediadataMediacabsat.cpp">
      <Filter>Source Files</Filter>
    </ClCompile>
    <ClCompile Include="..\composants\Tomy\TomyCroisee.cpp">
      <Filter>Source Files</Filter>
    </ClCompile>
    <ClCompile Include="..\composants\Tomy\TomyCroiseeMediacabsat.cpp">
      <Filter>Source Files</Filter>
    </ClCompile>
    <ClCompile Include="..\composants\Tomy\TomyMediadata.cpp">
      <Filter>Source Files</Filter>
    </ClCompile>
    <ClCompile Include="TomyRussie.cpp">
      <Filter>Source Files</Filter>
    </ClCompile>
  </ItemGroup>
  <ItemGroup>
    <ResourceCompile Include="Tomeval.rc">
      <Filter>Source Files</Filter>
    </ResourceCompile>
  </ItemGroup>
  <ItemGroup>
    <ClInclude Include="BetaBinomial.h">
      <Filter>Header Files</Filter>
    </ClInclude>
    <ClInclude Include="Cibjob.h">
      <Filter>Header Files</Filter>
    </ClInclude>
    <ClInclude Include="..\composants\Tomy\DistributionCroisee.h">
      <Filter>Header Files</Filter>
    </ClInclude>
    <ClInclude Include="..\composants\Tomy\DistributionCroiseeEx.h">
      <Filter>Header Files</Filter>
    </ClInclude>
    <ClInclude Include="..\composants\Tomy\EcouteSupport.h">
      <Filter>Header Files</Filter>
    </ClInclude>
    <ClInclude Include="..\COMPOSANTS\TOMY\FicAEJ.h">
      <Filter>Header Files</Filter>
    </ClInclude>
    <ClInclude Include="..\COMPOSANTS\TOMY\FicAQJ.h">
      <Filter>Header Files</Filter>
    </ClInclude>
    <ClInclude Include="FicLBX.h">
      <Filter>Header Files</Filter>
    </ClInclude>
    <ClInclude Include="..\COMPOSANTS\TOMY\FicProba.h">
      <Filter>Header Files</Filter>
    </ClInclude>
    <ClInclude Include="..\composants\FicTbl.h">
      <Filter>Header Files</Filter>
    </ClInclude>
    <ClInclude Include="..\composants\JFCFileException.h">
      <Filter>Header Files</Filter>
    </ClInclude>
    <ClInclude Include="..\COMPOSANTS\TOMY\LiaisonChaineTeleFrance.h">
      <Filter>Header Files</Filter>
    </ClInclude>
    <ClInclude Include="..\composants\Tomy\Lien.h">
      <Filter>Header Files</Filter>
    </ClInclude>
    <ClInclude Include="..\COMPOSANTS\TOMY\PanelLoader.h">
      <Filter>Header Files</Filter>
    </ClInclude>
    <ClInclude Include="..\COMPOSANTS\TOMY\ProbaSupport.h">
      <Filter>Header Files</Filter>
    </ClInclude>
    <ClInclude Include="Resource.h">
      <Filter>Header Files</Filter>
    </ClInclude>
    <ClInclude Include="Restom.h">
      <Filter>Header Files</Filter>
    </ClInclude>
    <ClInclude Include="ResultatJour.h">
      <Filter>Header Files</Filter>
    </ClInclude>
    <ClInclude Include="StdAfx.h">
      <Filter>Header Files</Filter>
    </ClInclude>
    <ClInclude Include="..\composants\Tomy\TableConsomationTotalTV.h">
      <Filter>Header Files</Filter>
    </ClInclude>
    <ClInclude Include="..\composants\Tomy\TablePopulationEtalon.h">
      <Filter>Header Files</Filter>
    </ClInclude>
    <ClInclude Include="tom_msg.h">
      <Filter>Header Files</Filter>
    </ClInclude>
    <ClInclude Include="tomcarat.h">
      <Filter>Header Files</Filter>
    </ClInclude>
    <ClInclude Include="Tomeval.h">
      <Filter>Header Files</Filter>
    </ClInclude>
    <ClInclude Include="TomevalApp.h">
      <Filter>Header Files</Filter>
    </ClInclude>
    <ClInclude Include="TomevalCarat.h">
      <Filter>Header Files</Filter>
    </ClInclude>
    <ClInclude Include="TomevalDlg.h">
      <Filter>Header Files</Filter>
    </ClInclude>
    <ClInclude Include="Tomjob.h">
      <Filter>Header Files</Filter>
    </ClInclude>
    <ClInclude Include="..\composants\Tomy\tomy.h">
      <Filter>Header Files</Filter>
    </ClInclude>
    <ClInclude Include="..\composants\Tomy\TomyCIMBelge.h">
      <Filter>Header Files</Filter>
    </ClInclude>
    <ClInclude Include="TomyCIMRusse.h">
      <Filter>Header Files</Filter>
    </ClInclude>
    <ClInclude Include="..\composants\Tomy\TomyConsolide.h">
      <Filter>Header Files</Filter>
    </ClInclude>
    <ClInclude Include="..\composants\Tomy\TomyConsolideMediadataMediacabsat.h">
      <Filter>Header Files</Filter>
    </ClInclude>
    <ClInclude Include="..\composants\Tomy\TomyCroisee.h">
      <Filter>Header Files</Filter>
    </ClInclude>
    <ClInclude Include="..\composants\Tomy\TomyCroiseeMediacabsat.h">
      <Filter>Header Files</Filter>
    </ClInclude>
    <ClInclude Include="TomyMarginal.h">
      <Filter>Header Files</Filter>
    </ClInclude>
    <ClInclude Include="..\composants\Tomy\TomyMediadata.h">
      <Filter>Header Files</Filter>
    </ClInclude>
    <ClInclude Include="TomyRussie.h">
      <Filter>Header Files</Filter>
    </ClInclude>
  </ItemGroup>
  <ItemGroup>
    <CustomBuild Include="res\Tomeval.ico">
      <Filter>Resource Files</Filter>
    </CustomBuild>
    <CustomBuild Include="res\Tomeval.rc2">
      <Filter>Resource Files</Filter>
    </CustomBuild>
    <CustomBuild Include="DATATM" />
    <CustomBuild Include="DATATM.tele" />
    <CustomBuild Include="docjobjfc.txt" />
    <CustomBuild Include="jobcarat.txt" />
    <CustomBuild Include="jobjfc.txt01" />
    <CustomBuild Include="ReadMe.txt" />
    <CustomBuild Include="restomcarat.txt" />
    <CustomBuild Include="restomjfc.txt" />
    <CustomBuild Include="restomjfc.txt01" />
    <CustomBuild Include="Version.txt" />
  </ItemGroup>
</Project>